
Microsoft Visual Studio Solution File, Format Version 12.00
# Visual Studio Version 17
VisualStudioVersion = 17.0.31912.275
MinimumVisualStudioVersion = 10.0.40219.1
Project("{FAE04EC0-301F-11D3-BF4B-00C04F79EFBC}") = "Pins.WPF", "Pins.WPF\Pins.WPF.csproj", "{24CD1242-0A2B-4A21-90C2-7412FA6F04FB}"
EndProject
Project("{FAE04EC0-301F-11D3-BF4B-00C04F79EFBC}") = "Pins.Core", "Pins.Core\Pins.Core.csproj", "{53209BDD-1792-4D57-986E-74B472BB0F6F}"
EndProject
Global
	GlobalSection(SolutionConfigurationPlatforms) = preSolution
		Debug|Any CPU = Debug|Any CPU
		Release|Any CPU = Release|Any CPU
	EndGlobalSection
	GlobalSection(ProjectConfigurationPlatforms) = postSolution
		{24CD1242-0A2B-4A21-90C2-7412FA6F04FB}.Debug|Any CPU.ActiveCfg = Debug|Any CPU
		{24CD1242-0A2B-4A21-90C2-7412FA6F04FB}.Debug|Any CPU.Build.0 = Debug|Any CPU
		{24CD1242-0A2B-4A21-90C2-7412FA6F04FB}.Release|Any CPU.ActiveCfg = Release|Any CPU
		{24CD1242-0A2B-4A21-90C2-7412FA6F04FB}.Release|Any CPU.Build.0 = Release|Any CPU
		{53209BDD-1792-4D57-986E-74B472BB0F6F}.Debug|Any CPU.ActiveCfg = Debug|Any CPU
		{53209BDD-1792-4D57-986E-74B472BB0F6F}.Debug|Any CPU.Build.0 = Debug|Any CPU
		{53209BDD-1792-4D57-986E-74B472BB0F6F}.Release|Any CPU.ActiveCfg = Release|Any CPU
		{53209BDD-1792-4D57-986E-74B472BB0F6F}.Release|Any CPU.Build.0 = Release|Any CPU
	EndGlobalSection
	GlobalSection(SolutionProperties) = preSolution
		HideSolutionNode = FALSE
	EndGlobalSection
	GlobalSection(ExtensibilityGlobals) = postSolution
		SolutionGuid = {AD8C5471-28C0-4E7B-B7F7-F34E1DBD6EA4}
	EndGlobalSection
EndGlobal
